Microsoft Visual Studio Solution File, Format Version 12.00
# Visual Studio Version 17
VisualStudioVersion = 17.5.2.0
MinimumVisualStudioVersion = 10.0.40219.1
Project("{FAE04EC0-301F-11D3-BF4B-00C04F79EFBC}") = "HabitTracker.natholder", "HabitTracker.natholder\HabitTracker.natholder.csproj", "{AA4088A3-C32F-4B29-48E0-339A2F9967C6}"
EndProject
Global
	GlobalSection(SolutionConfigurationPlatforms) = preSolution
		Debug|Any CPU = Debug|Any CPU
		Release|Any CPU = Release|Any CPU
	EndGlobalSection
	GlobalSection(ProjectConfigurationPlatforms) = postSolution
		{AA4088A3-C32F-4B29-48E0-339A2F9967C6}.Debug|Any CPU.ActiveCfg = Debug|Any CPU
		{AA4088A3-C32F-4B29-48E0-339A2F9967C6}.Debug|Any CPU.Build.0 = Debug|Any CPU
		{AA4088A3-C32F-4B29-48E0-339A2F9967C6}.Release|Any CPU.ActiveCfg = Release|Any CPU
		{AA4088A3-C32F-4B29-48E0-339A2F9967C6}.Release|Any CPU.Build.0 = Release|Any CPU
	EndGlobalSection
	GlobalSection(SolutionProperties) = preSolution
		HideSolutionNode = FALSE
	EndGlobalSection
	GlobalSection(ExtensibilityGlobals) = postSolution
		SolutionGuid = {D67F1646-947A-4847-A048-583B3565ABC1}
	EndGlobalSection
EndGlobal
